// !$*UTF8*$!
{
	archiveVersion = 1;
	classes = {
	};
	objectVersion = 51;
	objects = {

/* Begin PBXBuildFile section */
		3F025262271DE26400341D88 /* AppDelegate.swift in Sources */ = {isa = PBXBuildFile; fileRef = 3F025261271DE26400341D88 /* AppDelegate.swift */; };
		3F025264271DE26400341D88 /* SceneDelegate.swift in Sources */ = {isa = PBXBuildFile; fileRef = 3F025263271DE26400341D88 /* SceneDelegate.swift */; };
		3F025266271DE26400341D88 /* ViewController.swift in Sources */ = {isa = PBXBuildFile; fileRef = 3F025265271DE26400341D88 /* ViewController.swift */; };
		3F025269271DE26400341D88 /* Main.storyboard in Resources */ = {isa = PBXBuildFile; fileRef = 3F025267271DE26400341D88 /* Main.storyboard */; };
		3F02526B271DE26500341D88 /* Assets.xcassets in Resources */ = {isa = PBXBuildFile; fileRef = 3F02526A271DE26500341D88 /* Assets.xcassets */; };
		3F02526E271DE26500341D88 /* LaunchScreen.storyboard in Resources */ = {isa = PBXBuildFile; fileRef = 3F02526C271DE26500341D88 /* LaunchScreen.storyboard */; };
		3F025278271DE88300341D88 /* ProfileViewController.swift in Sources */ = {isa = PBXBuildFile; fileRef = 3F025277271DE88300341D88 /* ProfileViewController.swift */; };
		3F02527A271F0EC800341D88 /* CircularProgressView.swift in Sources */ = {isa = PBXBuildFile; fileRef = 3F025279271F0EC700341D88 /* CircularProgressView.swift */; };
		3F1C49602724C0CA0047EC16 /* GoogleService-Info.plist in Resources */ = {isa = PBXBuildFile; fileRef = 3F1C495F2724C0CA0047EC16 /* GoogleService-Info.plist */; };
		3F1C49622724FA100047EC16 /* FoodIntakeViewController.swift in Sources */ = {isa = PBXBuildFile; fileRef = 3F1C49612724FA100047EC16 /* FoodIntakeViewController.swift */; };
		3F1C4966272A03920047EC16 /* CalBurnViewController.swift in Sources */ = {isa = PBXBuildFile; fileRef = 3F1C4965272A03920047EC16 /* CalBurnViewController.swift */; };
		3F1C4968272A1E910047EC16 /* CustomAlertViewController.swift in Sources */ = {isa = PBXBuildFile; fileRef = 3F1C4967272A1E910047EC16 /* CustomAlertViewController.swift */; };
		3F442185272B823C00A1D6AE /* CustomAlertSettingsViewController.swift in Sources */ = {isa = PBXBuildFile; fileRef = 3F442184272B823C00A1D6AE /* CustomAlertSettingsViewController.swift */; };
		3F442187272C60E300A1D6AE /* SignInViewController.swift in Sources */ = {isa = PBXBuildFile; fileRef = 3F442186272C60E300A1D6AE /* SignInViewController.swift */; };
		3F442189272C60F900A1D6AE /* SignUpViewController.swift in Sources */ = {isa = PBXBuildFile; fileRef = 3F442188272C60F900A1D6AE /* SignUpViewController.swift */; };
		3FA492DE273A152100AD9668 /* SettingsViewController.swift in Sources */ = {isa = PBXBuildFile; fileRef = 3FA492DD273A152100AD9668 /* SettingsViewController.swift */; };
		3FA492E0273A233F00AD9668 /* CustomAlertSettingsHistoryViewController.swift in Sources */ = {isa = PBXBuildFile; fileRef = 3FA492DF273A233F00AD9668 /* CustomAlertSettingsHistoryViewController.swift */; };
		3FA492E2273AE56D00AD9668 /* SettingsTargetViewController.swift in Sources */ = {isa = PBXBuildFile; fileRef = 3FA492E1273AE56D00AD9668 /* SettingsTargetViewController.swift */; };
		3FA492E4273AE58E00AD9668 /* SettingsFirstNameViewController.swift in Sources */ = {isa = PBXBuildFile; fileRef = 3FA492E3273AE58E00AD9668 /* SettingsFirstNameViewController.swift */; };
		3FA492E6273AE59E00AD9668 /* SettingsPasswordViewController.swift in Sources */ = {isa = PBXBuildFile; fileRef = 3FA492E5273AE59D00AD9668 /* SettingsPasswordViewController.swift */; };
		664828AAAE69123917F490E6 /* Pods_Calorie_App.framework in Frameworks */ = {isa = PBXBuildFile; fileRef = BBDBA03F9ECE7B7D4D4CEA53 /* Pods_Calorie_App.framework */; };
/* End PBXBuildFile section */

/* Begin PBXFileReference section */
		3F02525E271DE26400341D88 /* Calorie_App.app */ = {isa = PBXFileReference; explicitFileType = wrapper.application; includeInIndex = 0; path = Calorie_App.app; sourceTree = BUILT_PRODUCTS_DIR; };
		3F025261271DE26400341D88 /* AppDelegate.swift */ = {isa = PBXFileReference; lastKnownFileType = sourcecode.swift; path = AppDelegate.swift; sourceTree = "<group>"; };
		3F025263271DE26400341D88 /* SceneDelegate.swift */ = {isa = PBXFileReference; lastKnownFileType = sourcecode.swift; path = SceneDelegate.swift; sourceTree = "<group>"; };
		3F025265271DE26400341D88 /* ViewController.swift */ = {isa = PBXFileReference; lastKnownFileType = sourcecode.swift; path = ViewController.swift; sourceTree = "<group>"; };
		3F025268271DE26400341D88 /* Base */ = {isa = PBXFileReference; lastKnownFileType = file.storyboard; name = Base; path = Base.lproj/Main.storyboard; sourceTree = "<group>"; };
		3F02526A271DE26500341D88 /* Assets.xcassets */ = {isa = PBXFileReference; lastKnownFileType = folder.assetcatalog; path = Assets.xcassets; sourceTree = "<group>"; };
		3F02526D271DE26500341D88 /* Base */ = {isa = PBXFileReference; lastKnownFileType = file.storyboard; name = Base; path = Base.lproj/LaunchScreen.storyboard; sourceTree = "<group>"; };
		3F02526F271DE26500341D88 /* Info.plist */ = {isa = PBXFileReference; lastKnownFileType = text.plist.xml; path = Info.plist; sourceTree = "<group>"; };
		3F025277271DE88300341D88 /* ProfileViewController.swift */ = {isa = PBXFileReference; lastKnownFileType = sourcecode.swift; path = ProfileViewController.swift; sourceTree = "<group>"; };
		3F025279271F0EC700341D88 /* CircularProgressView.swift */ = {isa = PBXFileReference; lastKnownFileType = sourcecode.swift; path = CircularProgressView.swift; sourceTree = "<group>"; };
		3F1C495F2724C0CA0047EC16 /* GoogleService-Info.plist */ = {isa = PBXFileReference; fileEncoding = 4; lastKnownFileType = text.plist.xml; path = "GoogleService-Info.plist"; sourceTree = "<group>"; };
		3F1C49612724FA100047EC16 /* FoodIntakeViewController.swift */ = {isa = PBXFileReference; lastKnownFileType = sourcecode.swift; path = FoodIntakeViewController.swift; sourceTree = "<group>"; };
		3F1C4965272A03920047EC16 /* CalBurnViewController.swift */ = {isa = PBXFileReference; lastKnownFileType = sourcecode.swift; path = CalBurnViewController.swift; sourceTree = "<group>"; };
		3F1C4967272A1E910047EC16 /* CustomAlertViewController.swift */ = {isa = PBXFileReference; lastKnownFileType = sourcecode.swift; path = CustomAlertViewController.swift; sourceTree = "<group>"; };
		3F442184272B823C00A1D6AE /* CustomAlertSettingsViewController.swift */ = {isa = PBXFileReference; lastKnownFileType = sourcecode.swift; path = CustomAlertSettingsViewController.swift; sourceTree = "<group>"; };
		3F442186272C60E300A1D6AE /* SignInViewController.swift */ = {isa = PBXFileReference; lastKnownFileType = sourcecode.swift; path = SignInViewController.swift; sourceTree = "<group>"; };
		3F442188272C60F900A1D6AE /* SignUpViewController.swift */ = {isa = PBXFileReference; lastKnownFileType = sourcecode.swift; path = SignUpViewController.swift; sourceTree = "<group>"; };
		3FA492DD273A152100AD9668 /* SettingsViewController.swift */ = {isa = PBXFileReference; lastKnownFileType = sourcecode.swift; path = SettingsViewController.swift; sourceTree = "<group>"; };
		3FA492DF273A233F00AD9668 /* CustomAlertSettingsHistoryViewController.swift */ = {isa = PBXFileReference; lastKnownFileType = sourcecode.swift; path = CustomAlertSettingsHistoryViewController.swift; sourceTree = "<group>"; };
		3FA492E1273AE56D00AD9668 /* SettingsTargetViewController.swift */ = {isa = PBXFileReference; lastKnownFileType = sourcecode.swift; path = SettingsTargetViewController.swift; sourceTree = "<group>"; };
		3FA492E3273AE58E00AD9668 /* SettingsFirstNameViewController.swift */ = {isa = PBXFileReference; lastKnownFileType = sourcecode.swift; path = SettingsFirstNameViewController.swift; sourceTree = "<group>"; };
		3FA492E5273AE59D00AD9668 /* SettingsPasswordViewController.swift */ = {isa = PBXFileReference; lastKnownFileType = sourcecode.swift; path = SettingsPasswordViewController.swift; sourceTree = "<group>"; };
		53D529D2D9D465EA230D648F /* Pods-Calorie_App.release.xcconfig */ = {isa = PBXFileReference; includeInIndex = 1; lastKnownFileType = text.xcconfig; name = "Pods-Calorie_App.release.xcconfig"; path = "Target Support Files/Pods-Calorie_App/Pods-Calorie_App.release.xcconfig"; sourceTree = "<group>"; };
		70ECF717B5502225D96AF8F1 /* Pods-Calorie_App.debug.xcconfig */ = {isa = PBXFileReference; includeInIndex = 1; lastKnownFileType = text.xcconfig; name = "Pods-Calorie_App.debug.xcconfig"; path = "Target Support Files/Pods-Calorie_App/Pods-Calorie_App.debug.xcconfig"; sourceTree = "<group>"; };
		BBDBA03F9ECE7B7D4D4CEA53 /* Pods_Calorie_App.framework */ = {isa = PBXFileReference; explicitFileType = wrapper.framework; includeInIndex = 0; path = Pods_Calorie_App.framework; sourceTree = BUILT_PRODUCTS_DIR; };
/* End PBXFileReference section */

/* Begin PBXFrameworksBuildPhase section */
		3F02525B271DE26400341D88 /* Frameworks */ = {
			isa = PBXFrameworksBuildPhase;
			buildActionMask = 2147483647;
			files = (
				664828AAAE69123917F490E6 /* Pods_Calorie_App.framework in Frameworks */,
			);
			runOnlyForDeploymentPostprocessing = 0;
		};
/* End PBXFrameworksBuildPhase section */

/* Begin PBXGroup section */
		3F025255271DE26400341D88 = {
			isa = PBXGroup;
			children = (
				3F025260271DE26400341D88 /* Calorie_App */,
				3F02525F271DE26400341D88 /* Products */,
				F9C18CA7D9F4CB6235758C46 /* Pods */,
				52C39188F9A962594A7567A9 /* Frameworks */,
			);
			sourceTree = "<group>";
		};
		3F02525F271DE26400341D88 /* Products */ = {
			isa = PBXGroup;
			children = (
				3F02525E271DE26400341D88 /* Calorie_App.app */,
			);
			name = Products;
			sourceTree = "<group>";
		};
		3F025260271DE26400341D88 /* Calorie_App */ = {
			isa = PBXGroup;
			children = (
				3F025261271DE26400341D88 /* AppDelegate.swift */,
				3F025263271DE26400341D88 /* SceneDelegate.swift */,
				3F025265271DE26400341D88 /* ViewController.swift */,
				3F025267271DE26400341D88 /* Main.storyboard */,
				3F02526A271DE26500341D88 /* Assets.xcassets */,
				3F02526C271DE26500341D88 /* LaunchScreen.storyboard */,
				3F02526F271DE26500341D88 /* Info.plist */,
				3F025277271DE88300341D88 /* ProfileViewController.swift */,
				3F025279271F0EC700341D88 /* CircularProgressView.swift */,
				3F1C495F2724C0CA0047EC16 /* GoogleService-Info.plist */,
				3F1C49612724FA100047EC16 /* FoodIntakeViewController.swift */,
				3F1C4965272A03920047EC16 /* CalBurnViewController.swift */,
				3F1C4967272A1E910047EC16 /* CustomAlertViewController.swift */,
				3F442184272B823C00A1D6AE /* CustomAlertSettingsViewController.swift */,
				3F442186272C60E300A1D6AE /* SignInViewController.swift */,
				3F442188272C60F900A1D6AE /* SignUpViewController.swift */,
				3FA492DD273A152100AD9668 /* SettingsViewController.swift */,
				3FA492DF273A233F00AD9668 /* CustomAlertSettingsHistoryViewController.swift */,
				3FA492E1273AE56D00AD9668 /* SettingsTargetViewController.swift */,
				3FA492E3273AE58E00AD9668 /* SettingsFirstNameViewController.swift */,
				3FA492E5273AE59D00AD9668 /* SettingsPasswordViewController.swift */,
			);
			path = Calorie_App;
			sourceTree = "<group>";
		};
		52C39188F9A962594A7567A9 /* Frameworks */ = {
			isa = PBXGroup;
			children = (
				BBDBA03F9ECE7B7D4D4CEA53 /* Pods_Calorie_App.framework */,
			);
			name = Frameworks;
			sourceTree = "<group>";
		};
		F9C18CA7D9F4CB6235758C46 /* Pods */ = {
			isa = PBXGroup;
			children = (
				70ECF717B5502225D96AF8F1 /* Pods-Calorie_App.debug.xcconfig */,
				53D529D2D9D465EA230D648F /* Pods-Calorie_App.release.xcconfig */,
			);
			path = Pods;
			sourceTree = "<group>";
		};
/* End PBXGroup section */

/* Begin PBXNativeTarget section */
		3F02525D271DE26400341D88 /* Calorie_App */ = {
			isa = PBXNativeTarget;
			buildConfigurationList = 3F025272271DE26500341D88 /* Build configuration list for PBXNativeTarget "Calorie_App" */;
			buildPhases = (
				490FC85C7316D7982E1ADA75 /* [CP] Check Pods Manifest.lock */,
				3F02525A271DE26400341D88 /* Sources */,
				3F02525B271DE26400341D88 /* Frameworks */,
				3F02525C271DE26400341D88 /* Resources */,
				1AB2210DBA2AA245D2673690 /* [CP] Embed Pods Frameworks */,
			);
			buildRules = (
			);
			dependencies = (
			);
			name = Calorie_App;
			productName = Calorie_App;
			productReference = 3F02525E271DE26400341D88 /* Calorie_App.app */;
			productType = "com.apple.product-type.application";
		};
/* End PBXNativeTarget section */

/* Begin PBXProject section */
		3F025256271DE26400341D88 /* Project object */ = {
			isa = PBXProject;
			attributes = {
				LastSwiftUpdateCheck = 1250;
				LastUpgradeCheck = 1250;
				TargetAttributes = {
					3F02525D271DE26400341D88 = {
						CreatedOnToolsVersion = 12.5.1;
					};
				};
			};
			buildConfigurationList = 3F025259271DE26400341D88 /* Build configuration list for PBXProject "Calorie_App" */;
			compatibilityVersion = "Xcode 9.3";
			developmentRegion = en;
			hasScannedForEncodings = 0;
			knownRegions = (
				en,
				Base,
			);
			mainGroup = 3F025255271DE26400341D88;
			productRefGroup = 3F02525F271DE26400341D88 /* Products */;
			projectDirPath = "";
			projectRoot = "";
			targets = (
				3F02525D271DE26400341D88 /* Calorie_App */,
			);
		};
/* End PBXProject section */

/* Begin PBXResourcesBuildPhase section */
		3F02525C271DE26400341D88 /* Resources */ = {
			isa = PBXResourcesBuildPhase;
			buildActionMask = 2147483647;
			files = (
				3F02526E271DE26500341D88 /* LaunchScreen.storyboard in Resources */,
				3F02526B271DE26500341D88 /* Assets.xcassets in Resources */,
				3F1C49602724C0CA0047EC16 /* GoogleService-Info.plist in Resources */,
				3F025269271DE26400341D88 /* Main.storyboard in Resources */,
			);
			runOnlyForDeploymentPostprocessing = 0;
		};
/* End PBXResourcesBuildPhase section */

/* Begin PBXShellScriptBuildPhase section */
		1AB2210DBA2AA245D2673690 /* [CP] Embed Pods Frameworks */ = {
			isa = PBXShellScriptBuildPhase;
			buildActionMask = 2147483647;
			files = (
			);
			inputFileListPaths = (
				"${PODS_ROOT}/Target Support Files/Pods-Calorie_App/Pods-Calorie_App-frameworks-${CONFIGURATION}-input-files.xcfilelist",
			);
			name = "[CP] Embed Pods Frameworks";
			outputFileListPaths = (
				"${PODS_ROOT}/Target Support Files/Pods-Calorie_App/Pods-Calorie_App-frameworks-${CONFIGURATION}-output-files.xcfilelist",
			);
			runOnlyForDeploymentPostprocessing = 0;
			shellPath = /bin/sh;
			shellScript = "\"${PODS_ROOT}/Target Support Files/Pods-Calorie_App/Pods-Calorie_App-frameworks.sh\"\n";
			showEnvVarsInLog = 0;
		};
		490FC85C7316D7982E1ADA75 /* [CP] Check Pods Manifest.lock */ = {
			isa = PBXShellScriptBuildPhase;
			buildActionMask = 2147483647;
			files = (
			);
			inputFileListPaths = (
			);
			inputPaths = (
				"${PODS_PODFILE_DIR_PATH}/Podfile.lock",
				"${PODS_ROOT}/Manifest.lock",
			);
			name = "[CP] Check Pods Manifest.lock";
			outputFileListPaths = (
			);
			outputPaths = (
				"$(DERIVED_FILE_DIR)/Pods-Calorie_App-checkManifestLockResult.txt",
			);
			runOnlyForDeploymentPostprocessing = 0;
			shellPath = /bin/sh;
			shellScript = "diff \"${PODS_PODFILE_DIR_PATH}/Podfile.lock\" \"${PODS_ROOT}/Manifest.lock\" > /dev/null\nif [ $? != 0 ] ; then\n    # print error to STDERR\n    echo \"error: The sandbox is not in sync with the Podfile.lock. Run 'pod install' or update your CocoaPods installation.\" >&2\n    exit 1\nfi\n# This output is used by Xcode 'outputs' to avoid re-running this script phase.\necho \"SUCCESS\" > \"${SCRIPT_OUTPUT_FILE_0}\"\n";
			showEnvVarsInLog = 0;
		};
/* End PBXShellScriptBuildPhase section */

/* Begin PBXSourcesBuildPhase section */
		3F02525A271DE26400341D88 /* Sources */ = {
			isa = PBXSourcesBuildPhase;
			buildActionMask = 2147483647;
			files = (
				3F442189272C60F900A1D6AE /* SignUpViewController.swift in Sources */,
				3F025266271DE26400341D88 /* ViewController.swift in Sources */,
				3FA492E6273AE59E00AD9668 /* SettingsPasswordViewController.swift in Sources */,
				3FA492E2273AE56D00AD9668 /* SettingsTargetViewController.swift in Sources */,
				3FA492E0273A233F00AD9668 /* CustomAlertSettingsHistoryViewController.swift in Sources */,
				3F025262271DE26400341D88 /* AppDelegate.swift in Sources */,
				3F1C4968272A1E910047EC16 /* CustomAlertViewController.swift in Sources */,
				3F442185272B823C00A1D6AE /* CustomAlertSettingsViewController.swift in Sources */,
				3F025278271DE88300341D88 /* ProfileViewController.swift in Sources */,
				3F02527A271F0EC800341D88 /* CircularProgressView.swift in Sources */,
				3F1C4966272A03920047EC16 /* CalBurnViewController.swift in Sources */,
				3F1C49622724FA100047EC16 /* FoodIntakeViewController.swift in Sources */,
				3F442187272C60E300A1D6AE /* SignInViewController.swift in Sources */,
				3F025264271DE26400341D88 /* SceneDelegate.swift in Sources */,
				3FA492E4273AE58E00AD9668 /* SettingsFirstNameViewController.swift in Sources */,
				3FA492DE273A152100AD9668 /* SettingsViewController.swift in Sources */,
			);
			runOnlyForDeploymentPostprocessing = 0;
		};
/* End PBXSourcesBuildPhase section */

/* Begin PBXVariantGroup section */
		3F025267271DE26400341D88 /* Main.storyboard */ = {
			isa = PBXVariantGroup;
			children = (
				3F025268271DE26400341D88 /* Base */,
			);
			name = Main.storyboard;
			sourceTree = "<group>";
		};
		3F02526C271DE26500341D88 /* LaunchScreen.storyboard */ = {
			isa = PBXVariantGroup;
			children = (
				3F02526D271DE26500341D88 /* Base */,
			);
			name = LaunchScreen.storyboard;
			sourceTree = "<group>";
		};
/* End PBXVariantGroup section */

/* Begin XCBuildConfiguration section */
		3F025270271DE26500341D88 /* Debug */ = {
			isa = XCBuildConfiguration;
			buildSettings = {
				ALWAYS_SEARCH_USER_PATHS = NO;
				CLANG_ANALYZER_NONNULL = YES;
				CLANG_ANALYZER_NUMBER_OBJECT_CONVERSION = YES_AGGRESSIVE;
				CLANG_CXX_LANGUAGE_STANDARD = "gnu++14";
				CLANG_CXX_LIBRARY = "libc++";
				CLANG_ENABLE_MODULES = YES;
				CLANG_ENABLE_OBJC_ARC = YES;
				CLANG_ENABLE_OBJC_WEAK = YES;
				CLANG_WARN_BLOCK_CAPTURE_AUTORELEASING = YES;
				CLANG_WARN_BOOL_CONVERSION = YES;
				CLANG_WARN_COMMA = YES;
				CLANG_WARN_CONSTANT_CONVERSION = YES;
				CLANG_WARN_DEPRECATED_OBJC_IMPLEMENTATIONS = YES;
				CLANG_WARN_DIRECT_OBJC_ISA_USAGE = YES_ERROR;
				CLANG_WARN_DOCUMENTATION_COMMENTS = YES;
				CLANG_WARN_EMPTY_BODY = YES;
				CLANG_WARN_ENUM_CONVERSION = YES;
				CLANG_WARN_INFINITE_RECURSION = YES;
				CLANG_WARN_INT_CONVERSION = YES;
				CLANG_WARN_NON_LITERAL_NULL_CONVERSION = YES;
				CLANG_WARN_OBJC_IMPLICIT_RETAIN_SELF = YES;
				CLANG_WARN_OBJC_LITERAL_CONVERSION = YES;
				CLANG_WARN_OBJC_ROOT_CLASS = YES_ERROR;
				CLANG_WARN_QUOTED_INCLUDE_IN_FRAMEWORK_HEADER = YES;
				CLANG_WARN_RANGE_LOOP_ANALYSIS = YES;
				CLANG_WARN_STRICT_PROTOTYPES = YES;
				CLANG_WARN_SUSPICIOUS_MOVE = YES;
				CLANG_WARN_UNGUARDED_AVAILABILITY = YES_AGGRESSIVE;
				CLANG_WARN_UNREACHABLE_CODE = YES;
				CLANG_WARN__DUPLICATE_METHOD_MATCH = YES;
				COPY_PHASE_STRIP = NO;
				DEBUG_INFORMATION_FORMAT = dwarf;
				ENABLE_STRICT_OBJC_MSGSEND = YES;
				ENABLE_TESTABILITY = YES;
				GCC_C_LANGUAGE_STANDARD = gnu11;
				GCC_DYNAMIC_NO_PIC = NO;
				GCC_NO_COMMON_BLOCKS = YES;
				GCC_OPTIMIZATION_LEVEL = 0;
				GCC_PREPROCESSOR_DEFINITIONS = (
					"DEBUG=1",
					"$(inherited)",
				);
				GCC_WARN_64_TO_32_BIT_CONVERSION = YES;
				GCC_WARN_ABOUT_RETURN_TYPE = YES_ERROR;
				GCC_WARN_UNDECLARED_SELECTOR = YES;
				GCC_WARN_UNINITIALIZED_AUTOS = YES_AGGRESSIVE;
				GCC_WARN_UNUSED_FUNCTION = YES;
				GCC_WARN_UNUSED_VARIABLE = YES;
				IPHONEOS_DEPLOYMENT_TARGET = 14.5;
				MTL_ENABLE_DEBUG_INFO = INCLUDE_SOURCE;
				MTL_FAST_MATH = YES;
				ONLY_ACTIVE_ARCH = YES;
				SDKROOT = iphoneos;
				SWIFT_ACTIVE_COMPILATION_CONDITIONS = DEBUG;
				SWIFT_OPTIMIZATION_LEVEL = "-Onone";
			};
			name = Debug;
		};
		3F025271271DE26500341D88 /* Release */ = {
			isa = XCBuildConfiguration;
			buildSettings = {
				ALWAYS_SEARCH_USER_PATHS = NO;
				CLANG_ANALYZER_NONNULL = YES;
				CLANG_ANALYZER_NUMBER_OBJECT_CONVERSION = YES_AGGRESSIVE;
				CLANG_CXX_LANGUAGE_STANDARD = "gnu++14";
				CLANG_CXX_LIBRARY = "libc++";
				CLANG_ENABLE_MODULES = YES;
				CLANG_ENABLE_OBJC_ARC = YES;
				CLANG_ENABLE_OBJC_WEAK = YES;
				CLANG_WARN_BLOCK_CAPTURE_AUTORELEASING = YES;
				CLANG_WARN_BOOL_CONVERSION = YES;
				CLANG_WARN_COMMA = YES;
				CLANG_WARN_CONSTANT_CONVERSION = YES;
				CLANG_WARN_DEPRECATED_OBJC_IMPLEMENTATIONS = YES;
				CLANG_WARN_DIRECT_OBJC_ISA_USAGE = YES_ERROR;
				CLANG_WARN_DOCUMENTATION_COMMENTS = YES;
				CLANG_WARN_EMPTY_BODY = YES;
				CLANG_WARN_ENUM_CONVERSION = YES;
				CLANG_WARN_INFINITE_RECURSION = YES;
				CLANG_WARN_INT_CONVERSION = YES;
				CLANG_WARN_NON_LITERAL_NULL_CONVERSION = YES;
				CLANG_WARN_OBJC_IMPLICIT_RETAIN_SELF = YES;
				CLANG_WARN_OBJC_LITERAL_CONVERSION = YES;
				CLANG_WARN_OBJC_ROOT_CLASS = YES_ERROR;
				CLANG_WARN_QUOTED_INCLUDE_IN_FRAMEWORK_HEADER = YES;
				CLANG_WARN_RANGE_LOOP_ANALYSIS = YES;
				CLANG_WARN_STRICT_PROTOTYPES = YES;
				CLANG_WARN_SUSPICIOUS_MOVE = YES;
				CLANG_WARN_UNGUARDED_AVAILABILITY = YES_AGGRESSIVE;
				CLANG_WARN_UNREACHABLE_CODE = YES;
				CLANG_WARN__DUPLICATE_METHOD_MATCH = YES;
				COPY_PHASE_STRIP = NO;
				DEBUG_INFORMATION_FORMAT = "dwarf-with-dsym";
				ENABLE_NS_ASSERTIONS = NO;
				ENABLE_STRICT_OBJC_MSGSEND = YES;
				GCC_C_LANGUAGE_STANDARD = gnu11;
				GCC_NO_COMMON_BLOCKS = YES;
				GCC_WARN_64_TO_32_BIT_CONVERSION = YES;
				GCC_WARN_ABOUT_RETURN_TYPE = YES_ERROR;
				GCC_WARN_UNDECLARED_SELECTOR = YES;
				GCC_WARN_UNINITIALIZED_AUTOS = YES_AGGRESSIVE;
				GCC_WARN_UNUSED_FUNCTION = YES;
				GCC_WARN_UNUSED_VARIABLE = YES;
				IPHONEOS_DEPLOYMENT_TARGET = 14.5;
				MTL_ENABLE_DEBUG_INFO = NO;
				MTL_FAST_MATH = YES;
				SDKROOT = iphoneos;
				SWIFT_COMPILATION_MODE = wholemodule;
				SWIFT_OPTIMIZATION_LEVEL = "-O";
				VALIDATE_PRODUCT = YES;
			};
			name = Release;
		};
		3F025273271DE26500341D88 /* Debug */ = {
			isa = XCBuildConfiguration;
			baseConfigurationReference = 70ECF717B5502225D96AF8F1 /* Pods-Calorie_App.debug.xcconfig */;
			buildSettings = {
				ASSETCATALOG_COMPILER_APPICON_NAME = AppIcon;
				ASSETCATALOG_COMPILER_GLOBAL_ACCENT_COLOR_NAME = AccentColor;
				CODE_SIGN_STYLE = Automatic;
				INFOPLIST_FILE = Calorie_App/Info.plist;
				LD_RUNPATH_SEARCH_PATHS = (
					"$(inherited)",
					"@executable_path/Frameworks",
				);
				PRODUCT_BUNDLE_IDENTIFIER = "com.Neriyah.Calorie-App";
				PRODUCT_NAME = "$(TARGET_NAME)";
				SWIFT_VERSION = 5.0;
				TARGETED_DEVICE_FAMILY = "1,2";
			};
			name = Debug;
		};
		3F025274271DE26500341D88 /* Release */ = {
			isa = XCBuildConfiguration;
			baseConfigurationReference = 53D529D2D9D465EA230D648F /* Pods-Calorie_App.release.xcconfig */;
			buildSettings = {
				ASSETCATALOG_COMPILER_APPICON_NAME = AppIcon;
				ASSETCATALOG_COMPILER_GLOBAL_ACCENT_COLOR_NAME = AccentColor;
				CODE_SIGN_STYLE = Automatic;
				INFOPLIST_FILE = Calorie_App/Info.plist;
				LD_RUNPATH_SEARCH_PATHS = (
					"$(inherited)",
					"@executable_path/Frameworks",
				);
				PRODUCT_BUNDLE_IDENTIFIER = "com.Neriyah.Calorie-App";
				PRODUCT_NAME = "$(TARGET_NAME)";
				SWIFT_VERSION = 5.0;
				TARGETED_DEVICE_FAMILY = "1,2";
			};
			name = Release;
		};
/* End XCBuildConfiguration section */

/* Begin XCConfigurationList section */
		3F025259271DE26400341D88 /* Build configuration list for PBXProject "Calorie_App" */ = {
			isa = XCConfigurationList;
			buildConfigurations = (
				3F025270271DE26500341D88 /* Debug */,
				3F025271271DE26500341D88 /* Release */,
			);
			defaultConfigurationIsVisible = 0;
			defaultConfigurationName = Release;
		};
		3F025272271DE26500341D88 /* Build configuration list for PBXNativeTarget "Calorie_App" */ = {
			isa = XCConfigurationList;
			buildConfigurations = (
				3F025273271DE26500341D88 /* Debug */,
				3F025274271DE26500341D88 /* Release */,
			);
			defaultConfigurationIsVisible = 0;
			defaultConfigurationName = Release;
		};
/* End XCConfigurationList section */
	};
	rootObject = 3F025256271DE26400341D88 /* Project object */;
}
